Microsoft Visual Studio Solution File, Format Version 11.00
# Visual Studio 2008

Project("{4F0E9946-3A49-6B51-76DE-662C1CD6E3ED}") = "Crypt 2.5", "Assembly-CSharp-firstpass-vs.csproj", "{1048D3E3-E608-8839-DA5C-4405EADE6D0A}"
EndProject
Project("{4F0E9946-3A49-6B51-76DE-662C1CD6E3ED}") = "Crypt 2.5", "Assembly-CSharp-Editor-vs.csproj", "{6135CFAE-D6C5-3B62-1235-82361E54E437}"
EndProject
Global
	GlobalSection(SolutionConfigurationPlatforms) = preSolution
		Debug|Any CPU = Debug|Any CPU
		Release|Any CPU = Release|Any CPU
	EndGlobalSection
	GlobalSection(ProjectConfigurationPlatforms) = postSolution
		{1048D3E3-E608-8839-DA5C-4405EADE6D0A}.Debug|Any CPU.ActiveCfg = Debug|Any CPU
		{1048D3E3-E608-8839-DA5C-4405EADE6D0A}.Debug|Any CPU.Build.0 = Debug|Any CPU
		{1048D3E3-E608-8839-DA5C-4405EADE6D0A}.Release|Any CPU.ActiveCfg = Release|Any CPU
		{1048D3E3-E608-8839-DA5C-4405EADE6D0A}.Release|Any CPU.Build.0 = Release|Any CPU
		{6135CFAE-D6C5-3B62-1235-82361E54E437}.Debug|Any CPU.ActiveCfg = Debug|Any CPU
		{6135CFAE-D6C5-3B62-1235-82361E54E437}.Debug|Any CPU.Build.0 = Debug|Any CPU
		{6135CFAE-D6C5-3B62-1235-82361E54E437}.Release|Any CPU.ActiveCfg = Release|Any CPU
		{6135CFAE-D6C5-3B62-1235-82361E54E437}.Release|Any CPU.Build.0 = Release|Any CPU
	EndGlobalSection
	GlobalSection(SolutionProperties) = preSolution
		HideSolutionNode = FALSE
	EndGlobalSection
																GlobalSection(MonoDevelopProperties) = preSolution
		StartupItem = Assembly-CSharp.csproj
		Policies = $0
		$0.TextStylePolicy = $1
		$1.inheritsSet = null
		$1.scope = text/x-csharp
		$0.CSharpFormattingPolicy = $2
		$2.inheritsSet = Mono
		$2.inheritsScope = text/x-csharp
		$2.scope = text/x-csharp
		$0.TextStylePolicy = $3
		$3.FileWidth = 120
		$3.TabWidth = 4
		$3.EolMarker = Unix
		$3.inheritsSet = Mono
		$3.inheritsScope = text/plain
		$3.scope = text/plain
	EndGlobalSection

EndGlobal
